// !$*UTF8*$!
{
	archiveVersion = 1;
	classes = {
	};
	objectVersion = 48;
	objects = {

/* Begin PBXBuildFile section */
		5F45F69F2262387D00C45BFB /* WeatherViewModel.swift in Sources */ = {isa = PBXBuildFile; fileRef = 5F45F69E2262387D00C45BFB /* WeatherViewModel.swift */; };
		5FD4A31E2258DAC100BE0019 /* AppDelegate.swift in Sources */ = {isa = PBXBuildFile; fileRef = 5FD4A31D2258DAC100BE0019 /* AppDelegate.swift */; };
		5FD4A3262258DAC100BE0019 /* Weatherly.xcdatamodeld in Sources */ = {isa = PBXBuildFile; fileRef = 5FD4A3242258DAC100BE0019 /* Weatherly.xcdatamodeld */; };
		5FD4A3282258DAC100BE0019 /* Assets.xcassets in Resources */ = {isa = PBXBuildFile; fileRef = 5FD4A3272258DAC100BE0019 /* Assets.xcassets */; };
		5FD4A32B2258DAC100BE0019 /* LaunchScreen.storyboard in Resources */ = {isa = PBXBuildFile; fileRef = 5FD4A3292258DAC100BE0019 /* LaunchScreen.storyboard */; };
		5FD4A3362258DAC900BE0019 /* WeatherlyTests.swift in Sources */ = {isa = PBXBuildFile; fileRef = 5FD4A3352258DAC900BE0019 /* WeatherlyTests.swift */; };
		5FD4A3412258DAC900BE0019 /* WeatherlyUITests.swift in Sources */ = {isa = PBXBuildFile; fileRef = 5FD4A3402258DAC900BE0019 /* WeatherlyUITests.swift */; };
		5FD4A34F225BDFF200BE0019 /* WeatherCVC.swift in Sources */ = {isa = PBXBuildFile; fileRef = 5FD4A34E225BDFF200BE0019 /* WeatherCVC.swift */; };
		5FD4A351225BE03A00BE0019 /* WeatherCell.swift in Sources */ = {isa = PBXBuildFile; fileRef = 5FD4A350225BE03A00BE0019 /* WeatherCell.swift */; };
		5FD4A353225BE2EE00BE0019 /* Extensions.swift in Sources */ = {isa = PBXBuildFile; fileRef = 5FD4A352225BE2EE00BE0019 /* Extensions.swift */; };
		5FD4A355225BE84E00BE0019 /* BaseCell.swift in Sources */ = {isa = PBXBuildFile; fileRef = 5FD4A354225BE84E00BE0019 /* BaseCell.swift */; };
		5FD4A357225BEA5C00BE0019 /* Weather.swift in Sources */ = {isa = PBXBuildFile; fileRef = 5FD4A356225BEA5C00BE0019 /* Weather.swift */; };
		5FD4A359225BEA8B00BE0019 /* Service.swift in Sources */ = {isa = PBXBuildFile; fileRef = 5FD4A358225BEA8B00BE0019 /* Service.swift */; };
/* End PBXBuildFile section */

/* Begin PBXContainerItemProxy section */
		5FD4A3322258DAC900BE0019 /* PBXContainerItemProxy */ = {
			isa = PBXContainerItemProxy;
			containerPortal = 5FD4A3122258DAC000BE0019 /* Project object */;
			proxyType = 1;
			remoteGlobalIDString = 5FD4A3192258DAC000BE0019;
			remoteInfo = Weatherly;
		};
		5FD4A33D2258DAC900BE0019 /* PBXContainerItemProxy */ = {
			isa = PBXContainerItemProxy;
			containerPortal = 5FD4A3122258DAC000BE0019 /* Project object */;
			proxyType = 1;
			remoteGlobalIDString = 5FD4A3192258DAC000BE0019;
			remoteInfo = Weatherly;
		};
/* End PBXContainerItemProxy section */

/* Begin PBXFileReference section */
		5F45F69E2262387D00C45BFB /* WeatherViewModel.swift */ = {isa = PBXFileReference; lastKnownFileType = sourcecode.swift; path = WeatherViewModel.swift; sourceTree = "<group>"; };
		5FD4A31A2258DAC100BE0019 /* Weatherly.app */ = {isa = PBXFileReference; explicitFileType = wrapper.application; includeInIndex = 0; path = Weatherly.app; sourceTree = BUILT_PRODUCTS_DIR; };
		5FD4A31D2258DAC100BE0019 /* AppDelegate.swift */ = {isa = PBXFileReference; lastKnownFileType = sourcecode.swift; path = AppDelegate.swift; sourceTree = "<group>"; };
		5FD4A3252258DAC100BE0019 /* Weatherly.xcdatamodel */ = {isa = PBXFileReference; lastKnownFileType = wrapper.xcdatamodel; path = Weatherly.xcdatamodel; sourceTree = "<group>"; };
		5FD4A3272258DAC100BE0019 /* Assets.xcassets */ = {isa = PBXFileReference; lastKnownFileType = folder.assetcatalog; path = Assets.xcassets; sourceTree = "<group>"; };
		5FD4A32A2258DAC100BE0019 /* Base */ = {isa = PBXFileReference; lastKnownFileType = file.storyboard; name = Base; path = Base.lproj/LaunchScreen.storyboard; sourceTree = "<group>"; };
		5FD4A32C2258DAC100BE0019 /* Info.plist */ = {isa = PBXFileReference; lastKnownFileType = text.plist.xml; path = Info.plist; sourceTree = "<group>"; };
		5FD4A3312258DAC900BE0019 /* WeatherlyTests.xctest */ = {isa = PBXFileReference; explicitFileType = wrapper.cfbundle; includeInIndex = 0; path = WeatherlyTests.xctest; sourceTree = BUILT_PRODUCTS_DIR; };
		5FD4A3352258DAC900BE0019 /* WeatherlyTests.swift */ = {isa = PBXFileReference; lastKnownFileType = sourcecode.swift; path = WeatherlyTests.swift; sourceTree = "<group>"; };
		5FD4A3372258DAC900BE0019 /* Info.plist */ = {isa = PBXFileReference; lastKnownFileType = text.plist.xml; path = Info.plist; sourceTree = "<group>"; };
		5FD4A33C2258DAC900BE0019 /* WeatherlyUITests.xctest */ = {isa = PBXFileReference; explicitFileType = wrapper.cfbundle; includeInIndex = 0; path = WeatherlyUITests.xctest; sourceTree = BUILT_PRODUCTS_DIR; };
		5FD4A3402258DAC900BE0019 /* WeatherlyUITests.swift */ = {isa = PBXFileReference; lastKnownFileType = sourcecode.swift; path = WeatherlyUITests.swift; sourceTree = "<group>"; };
		5FD4A3422258DAC900BE0019 /* Info.plist */ = {isa = PBXFileReference; lastKnownFileType = text.plist.xml; path = Info.plist; sourceTree = "<group>"; };
		5FD4A34E225BDFF200BE0019 /* WeatherCVC.swift */ = {isa = PBXFileReference; lastKnownFileType = sourcecode.swift; path = WeatherCVC.swift; sourceTree = "<group>"; };
		5FD4A350225BE03A00BE0019 /* WeatherCell.swift */ = {isa = PBXFileReference; lastKnownFileType = sourcecode.swift; path = WeatherCell.swift; sourceTree = "<group>"; };
		5FD4A352225BE2EE00BE0019 /* Extensions.swift */ = {isa = PBXFileReference; lastKnownFileType = sourcecode.swift; path = Extensions.swift; sourceTree = "<group>"; };
		5FD4A354225BE84E00BE0019 /* BaseCell.swift */ = {isa = PBXFileReference; lastKnownFileType = sourcecode.swift; path = BaseCell.swift; sourceTree = "<group>"; };
		5FD4A356225BEA5C00BE0019 /* Weather.swift */ = {isa = PBXFileReference; lastKnownFileType = sourcecode.swift; path = Weather.swift; sourceTree = "<group>"; };
		5FD4A358225BEA8B00BE0019 /* Service.swift */ = {isa = PBXFileReference; lastKnownFileType = sourcecode.swift; path = Service.swift; sourceTree = "<group>"; };
/* End PBXFileReference section */

/* Begin PBXFrameworksBuildPhase section */
		5FD4A3172258DAC000BE0019 /* Frameworks */ = {
			isa = PBXFrameworksBuildPhase;
			buildActionMask = 2147483647;
			files = (
			);
			runOnlyForDeploymentPostprocessing = 0;
		};
		5FD4A32E2258DAC800BE0019 /* Frameworks */ = {
			isa = PBXFrameworksBuildPhase;
			buildActionMask = 2147483647;
			files = (
			);
			runOnlyForDeploymentPostprocessing = 0;
		};
		5FD4A3392258DAC900BE0019 /* Frameworks */ = {
			isa = PBXFrameworksBuildPhase;
			buildActionMask = 2147483647;
			files = (
			);
			runOnlyForDeploymentPostprocessing = 0;
		};
/* End PBXFrameworksBuildPhase section */

/* Begin PBXGroup section */
		5F45F6A02262388200C45BFB /* Model */ = {
			isa = PBXGroup;
			children = (
				5FD4A356225BEA5C00BE0019 /* Weather.swift */,
			);
			path = Model;
			sourceTree = "<group>";
		};
		5F45F6A12262388E00C45BFB /* View */ = {
			isa = PBXGroup;
			children = (
				5FD4A3292258DAC100BE0019 /* LaunchScreen.storyboard */,
				5FD4A354225BE84E00BE0019 /* BaseCell.swift */,
				5FD4A350225BE03A00BE0019 /* WeatherCell.swift */,
			);
			path = View;
			sourceTree = "<group>";
		};
		5F45F6A22262389600C45BFB /* ViewModel */ = {
			isa = PBXGroup;
			children = (
				5F45F69E2262387D00C45BFB /* WeatherViewModel.swift */,
			);
			path = ViewModel;
			sourceTree = "<group>";
		};
		5F45F6A3226238E700C45BFB /* Controller */ = {
			isa = PBXGroup;
			children = (
				5FD4A34E225BDFF200BE0019 /* WeatherCVC.swift */,
			);
			path = Controller;
			sourceTree = "<group>";
		};
		5F45F6A42262391000C45BFB /* Service */ = {
			isa = PBXGroup;
			children = (
				5FD4A358225BEA8B00BE0019 /* Service.swift */,
			);
			path = Service;
			sourceTree = "<group>";
		};
		5F45F6A52262391800C45BFB /* Extension */ = {
			isa = PBXGroup;
			children = (
				5FD4A352225BE2EE00BE0019 /* Extensions.swift */,
				5FD4A31D2258DAC100BE0019 /* AppDelegate.swift */,
			);
			path = Extension;
			sourceTree = "<group>";
		};
		5F45F6A62262393F00C45BFB /* Assets */ = {
			isa = PBXGroup;
			children = (
				5FD4A3272258DAC100BE0019 /* Assets.xcassets */,
				5FD4A32C2258DAC100BE0019 /* Info.plist */,
				5FD4A3242258DAC100BE0019 /* Weatherly.xcdatamodeld */,
			);
			name = Assets;
			sourceTree = "<group>";
		};
		5FD4A3112258DAC000BE0019 = {
			isa = PBXGroup;
			children = (
				5FD4A31C2258DAC100BE0019 /* Weatherly */,
				5FD4A3342258DAC900BE0019 /* WeatherlyTests */,
				5FD4A33F2258DAC900BE0019 /* WeatherlyUITests */,
				5FD4A31B2258DAC100BE0019 /* Products */,
			);
			sourceTree = "<group>";
		};
		5FD4A31B2258DAC100BE0019 /* Products */ = {
			isa = PBXGroup;
			children = (
				5FD4A31A2258DAC100BE0019 /* Weatherly.app */,
				5FD4A3312258DAC900BE0019 /* WeatherlyTests.xctest */,
				5FD4A33C2258DAC900BE0019 /* WeatherlyUITests.xctest */,
			);
			name = Products;
			sourceTree = "<group>";
		};
		5FD4A31C2258DAC100BE0019 /* Weatherly */ = {
			isa = PBXGroup;
			children = (
				5F45F6A62262393F00C45BFB /* Assets */,
				5F45F6A52262391800C45BFB /* Extension */,
				5F45F6A42262391000C45BFB /* Service */,
				5F45F6A3226238E700C45BFB /* Controller */,
				5F45F6A22262389600C45BFB /* ViewModel */,
				5F45F6A12262388E00C45BFB /* View */,
				5F45F6A02262388200C45BFB /* Model */,
			);
			path = Weatherly;
			sourceTree = "<group>";
		};
		5FD4A3342258DAC900BE0019 /* WeatherlyTests */ = {
			isa = PBXGroup;
			children = (
				5FD4A3352258DAC900BE0019 /* WeatherlyTests.swift */,
				5FD4A3372258DAC900BE0019 /* Info.plist */,
			);
			path = WeatherlyTests;
			sourceTree = "<group>";
		};
		5FD4A33F2258DAC900BE0019 /* WeatherlyUITests */ = {
			isa = PBXGroup;
			children = (
				5FD4A3402258DAC900BE0019 /* WeatherlyUITests.swift */,
				5FD4A3422258DAC900BE0019 /* Info.plist */,
			);
			path = WeatherlyUITests;
			sourceTree = "<group>";
		};
/* End PBXGroup section */

/* Begin PBXNativeTarget section */
		5FD4A3192258DAC000BE0019 /* Weatherly */ = {
			isa = PBXNativeTarget;
			buildConfigurationList = 5FD4A3452258DAC900BE0019 /* Build configuration list for PBXNativeTarget "Weatherly" */;
			buildPhases = (
				5FD4A3162258DAC000BE0019 /* Sources */,
				5FD4A3172258DAC000BE0019 /* Frameworks */,
				5FD4A3182258DAC000BE0019 /* Resources */,
			);
			buildRules = (
			);
			dependencies = (
			);
			name = Weatherly;
			productName = Weatherly;
			productReference = 5FD4A31A2258DAC100BE0019 /* Weatherly.app */;
			productType = "com.apple.product-type.application";
		};
		5FD4A3302258DAC800BE0019 /* WeatherlyTests */ = {
			isa = PBXNativeTarget;
			buildConfigurationList = 5FD4A3482258DAC900BE0019 /* Build configuration list for PBXNativeTarget "WeatherlyTests" */;
			buildPhases = (
				5FD4A32D2258DAC800BE0019 /* Sources */,
				5FD4A32E2258DAC800BE0019 /* Frameworks */,
				5FD4A32F2258DAC800BE0019 /* Resources */,
			);
			buildRules = (
			);
			dependencies = (
				5FD4A3332258DAC900BE0019 /* PBXTargetDependency */,
			);
			name = WeatherlyTests;
			productName = WeatherlyTests;
			productReference = 5FD4A3312258DAC900BE0019 /* WeatherlyTests.xctest */;
			productType = "com.apple.product-type.bundle.unit-test";
		};
		5FD4A33B2258DAC900BE0019 /* WeatherlyUITests */ = {
			isa = PBXNativeTarget;
			buildConfigurationList = 5FD4A34B2258DAC900BE0019 /* Build configuration list for PBXNativeTarget "WeatherlyUITests" */;
			buildPhases = (
				5FD4A3382258DAC900BE0019 /* Sources */,
				5FD4A3392258DAC900BE0019 /* Frameworks */,
				5FD4A33A2258DAC900BE0019 /* Resources */,
			);
			buildRules = (
			);
			dependencies = (
				5FD4A33E2258DAC900BE0019 /* PBXTargetDependency */,
			);
			name = WeatherlyUITests;
			productName = WeatherlyUITests;
			productReference = 5FD4A33C2258DAC900BE0019 /* WeatherlyUITests.xctest */;
			productType = "com.apple.product-type.bundle.ui-testing";
		};
/* End PBXNativeTarget section */

/* Begin PBXProject section */
		5FD4A3122258DAC000BE0019 /* Project object */ = {
			isa = PBXProject;
			attributes = {
				LastSwiftUpdateCheck = 0920;
				LastUpgradeCheck = 0920;
				ORGANIZATIONNAME = emirhaktan;
				TargetAttributes = {
					5FD4A3192258DAC000BE0019 = {
						CreatedOnToolsVersion = 9.2;
						ProvisioningStyle = Automatic;
					};
					5FD4A3302258DAC800BE0019 = {
						CreatedOnToolsVersion = 9.2;
						ProvisioningStyle = Automatic;
						TestTargetID = 5FD4A3192258DAC000BE0019;
					};
					5FD4A33B2258DAC900BE0019 = {
						CreatedOnToolsVersion = 9.2;
						ProvisioningStyle = Automatic;
						TestTargetID = 5FD4A3192258DAC000BE0019;
					};
				};
			};
			buildConfigurationList = 5FD4A3152258DAC000BE0019 /* Build configuration list for PBXProject "Weatherly" */;
			compatibilityVersion = "Xcode 8.0";
			developmentRegion = en;
			hasScannedForEncodings = 0;
			knownRegions = (
				en,
				Base,
			);
			mainGroup = 5FD4A3112258DAC000BE0019;
			productRefGroup = 5FD4A31B2258DAC100BE0019 /* Products */;
			projectDirPath = "";
			projectRoot = "";
			targets = (
				5FD4A3192258DAC000BE0019 /* Weatherly */,
				5FD4A3302258DAC800BE0019 /* WeatherlyTests */,
				5FD4A33B2258DAC900BE0019 /* WeatherlyUITests */,
			);
		};
/* End PBXProject section */

/* Begin PBXResourcesBuildPhase section */
		5FD4A3182258DAC000BE0019 /* Resources */ = {
			isa = PBXResourcesBuildPhase;
			buildActionMask = 2147483647;
			files = (
				5FD4A32B2258DAC100BE0019 /* LaunchScreen.storyboard in Resources */,
				5FD4A3282258DAC100BE0019 /* Assets.xcassets in Resources */,
			);
			runOnlyForDeploymentPostprocessing = 0;
		};
		5FD4A32F2258DAC800BE0019 /* Resources */ = {
			isa = PBXResourcesBuildPhase;
			buildActionMask = 2147483647;
			files = (
			);
			runOnlyForDeploymentPostprocessing = 0;
		};
		5FD4A33A2258DAC900BE0019 /* Resources */ = {
			isa = PBXResourcesBuildPhase;
			buildActionMask = 2147483647;
			files = (
			);
			runOnlyForDeploymentPostprocessing = 0;
		};
/* End PBXResourcesBuildPhase section */

/* Begin PBXSourcesBuildPhase section */
		5FD4A3162258DAC000BE0019 /* Sources */ = {
			isa = PBXSourcesBuildPhase;
			buildActionMask = 2147483647;
			files = (
				5FD4A353225BE2EE00BE0019 /* Extensions.swift in Sources */,
				5F45F69F2262387D00C45BFB /* WeatherViewModel.swift in Sources */,
				5FD4A359225BEA8B00BE0019 /* Service.swift in Sources */,
				5FD4A351225BE03A00BE0019 /* WeatherCell.swift in Sources */,
				5FD4A3262258DAC100BE0019 /* Weatherly.xcdatamodeld in Sources */,
				5FD4A34F225BDFF200BE0019 /* WeatherCVC.swift in Sources */,
				5FD4A355225BE84E00BE0019 /* BaseCell.swift in Sources */,
				5FD4A31E2258DAC100BE0019 /* AppDelegate.swift in Sources */,
				5FD4A357225BEA5C00BE0019 /* Weather.swift in Sources */,
			);
			runOnlyForDeploymentPostprocessing = 0;
		};
		5FD4A32D2258DAC800BE0019 /* Sources */ = {
			isa = PBXSourcesBuildPhase;
			buildActionMask = 2147483647;
			files = (
				5FD4A3362258DAC900BE0019 /* WeatherlyTests.swift in Sources */,
			);
			runOnlyForDeploymentPostprocessing = 0;
		};
		5FD4A3382258DAC900BE0019 /* Sources */ = {
			isa = PBXSourcesBuildPhase;
			buildActionMask = 2147483647;
			files = (
				5FD4A3412258DAC900BE0019 /* WeatherlyUITests.swift in Sources */,
			);
			runOnlyForDeploymentPostprocessing = 0;
		};
/* End PBXSourcesBuildPhase section */

/* Begin PBXTargetDependency section */
		5FD4A3332258DAC900BE0019 /* PBXTargetDependency */ = {
			isa = PBXTargetDependency;
			target = 5FD4A3192258DAC000BE0019 /* Weatherly */;
			targetProxy = 5FD4A3322258DAC900BE0019 /* PBXContainerItemProxy */;
		};
		5FD4A33E2258DAC900BE0019 /* PBXTargetDependency */ = {
			isa = PBXTargetDependency;
			target = 5FD4A3192258DAC000BE0019 /* Weatherly */;
			targetProxy = 5FD4A33D2258DAC900BE0019 /* PBXContainerItemProxy */;
		};
/* End PBXTargetDependency section */

/* Begin PBXVariantGroup section */
		5FD4A3292258DAC100BE0019 /* LaunchScreen.storyboard */ = {
			isa = PBXVariantGroup;
			children = (
				5FD4A32A2258DAC100BE0019 /* Base */,
			);
			name = LaunchScreen.storyboard;
			sourceTree = "<group>";
		};
/* End PBXVariantGroup section */

/* Begin XCBuildConfiguration section */
		5FD4A3432258DAC900BE0019 /* Debug */ = {
			isa = XCBuildConfiguration;
			buildSettings = {
				ALWAYS_SEARCH_USER_PATHS = NO;
				CLANG_ANALYZER_NONNULL = YES;
				CLANG_ANALYZER_NUMBER_OBJECT_CONVERSION = YES_AGGRESSIVE;
				CLANG_CXX_LANGUAGE_STANDARD = "gnu++14";
				CLANG_CXX_LIBRARY = "libc++";
				CLANG_ENABLE_MODULES = YES;
				CLANG_ENABLE_OBJC_ARC = YES;
				CLANG_WARN_BLOCK_CAPTURE_AUTORELEASING = YES;
				CLANG_WARN_BOOL_CONVERSION = YES;
				CLANG_WARN_COMMA = YES;
				CLANG_WARN_CONSTANT_CONVERSION = YES;
				CLANG_WARN_DIRECT_OBJC_ISA_USAGE = YES_ERROR;
				CLANG_WARN_DOCUMENTATION_COMMENTS = YES;
				CLANG_WARN_EMPTY_BODY = YES;
				CLANG_WARN_ENUM_CONVERSION = YES;
				CLANG_WARN_INFINITE_RECURSION = YES;
				CLANG_WARN_INT_CONVERSION = YES;
				CLANG_WARN_NON_LITERAL_NULL_CONVERSION = YES;
				CLANG_WARN_OBJC_LITERAL_CONVERSION = YES;
				CLANG_WARN_OBJC_ROOT_CLASS = YES_ERROR;
				CLANG_WARN_RANGE_LOOP_ANALYSIS = YES;
				CLANG_WARN_STRICT_PROTOTYPES = YES;
				CLANG_WARN_SUSPICIOUS_MOVE = YES;
				CLANG_WARN_UNGUARDED_AVAILABILITY = YES_AGGRESSIVE;
				CLANG_WARN_UNREACHABLE_CODE = YES;
				CLANG_WARN__DUPLICATE_METHOD_MATCH = YES;
				CODE_SIGN_IDENTITY = "iPhone Developer";
				COPY_PHASE_STRIP = NO;
				DEBUG_INFORMATION_FORMAT = dwarf;
				ENABLE_STRICT_OBJC_MSGSEND = YES;
				ENABLE_TESTABILITY = YES;
				GCC_C_LANGUAGE_STANDARD = gnu11;
				GCC_DYNAMIC_NO_PIC = NO;
				GCC_NO_COMMON_BLOCKS = YES;
				GCC_OPTIMIZATION_LEVEL = 0;
				GCC_PREPROCESSOR_DEFINITIONS = (
					"DEBUG=1",
					"$(inherited)",
				);
				GCC_WARN_64_TO_32_BIT_CONVERSION = YES;
				GCC_WARN_ABOUT_RETURN_TYPE = YES_ERROR;
				GCC_WARN_UNDECLARED_SELECTOR = YES;
				GCC_WARN_UNINITIALIZED_AUTOS = YES_AGGRESSIVE;
				GCC_WARN_UNUSED_FUNCTION = YES;
				GCC_WARN_UNUSED_VARIABLE = YES;
				IPHONEOS_DEPLOYMENT_TARGET = 11.2;
				MTL_ENABLE_DEBUG_INFO = YES;
				ONLY_ACTIVE_ARCH = YES;
				SDKROOT = iphoneos;
				SWIFT_ACTIVE_COMPILATION_CONDITIONS = DEBUG;
				SWIFT_OPTIMIZATION_LEVEL = "-Onone";
			};
			name = Debug;
		};
		5FD4A3442258DAC900BE0019 /* Release */ = {
			isa = XCBuildConfiguration;
			buildSettings = {
				ALWAYS_SEARCH_USER_PATHS = NO;
				CLANG_ANALYZER_NONNULL = YES;
				CLANG_ANALYZER_NUMBER_OBJECT_CONVERSION = YES_AGGRESSIVE;
				CLANG_CXX_LANGUAGE_STANDARD = "gnu++14";
				CLANG_CXX_LIBRARY = "libc++";
				CLANG_ENABLE_MODULES = YES;
				CLANG_ENABLE_OBJC_ARC = YES;
				CLANG_WARN_BLOCK_CAPTURE_AUTORELEASING = YES;
				CLANG_WARN_BOOL_CONVERSION = YES;
				CLANG_WARN_COMMA = YES;
				CLANG_WARN_CONSTANT_CONVERSION = YES;
				CLANG_WARN_DIRECT_OBJC_ISA_USAGE = YES_ERROR;
				CLANG_WARN_DOCUMENTATION_COMMENTS = YES;
				CLANG_WARN_EMPTY_BODY = YES;
				CLANG_WARN_ENUM_CONVERSION = YES;
				CLANG_WARN_INFINITE_RECURSION = YES;
				CLANG_WARN_INT_CONVERSION = YES;
				CLANG_WARN_NON_LITERAL_NULL_CONVERSION = YES;
				CLANG_WARN_OBJC_LITERAL_CONVERSION = YES;
				CLANG_WARN_OBJC_ROOT_CLASS = YES_ERROR;
				CLANG_WARN_RANGE_LOOP_ANALYSIS = YES;
				CLANG_WARN_STRICT_PROTOTYPES = YES;
				CLANG_WARN_SUSPICIOUS_MOVE = YES;
				CLANG_WARN_UNGUARDED_AVAILABILITY = YES_AGGRESSIVE;
				CLANG_WARN_UNREACHABLE_CODE = YES;
				CLANG_WARN__DUPLICATE_METHOD_MATCH = YES;
				CODE_SIGN_IDENTITY = "iPhone Developer";
				COPY_PHASE_STRIP = NO;
				DEBUG_INFORMATION_FORMAT = "dwarf-with-dsym";
				ENABLE_NS_ASSERTIONS = NO;
				ENABLE_STRICT_OBJC_MSGSEND = YES;
				GCC_C_LANGUAGE_STANDARD = gnu11;
				GCC_NO_COMMON_BLOCKS = YES;
				GCC_WARN_64_TO_32_BIT_CONVERSION = YES;
				GCC_WARN_ABOUT_RETURN_TYPE = YES_ERROR;
				GCC_WARN_UNDECLARED_SELECTOR = YES;
				GCC_WARN_UNINITIALIZED_AUTOS = YES_AGGRESSIVE;
				GCC_WARN_UNUSED_FUNCTION = YES;
				GCC_WARN_UNUSED_VARIABLE = YES;
				IPHONEOS_DEPLOYMENT_TARGET = 11.2;
				MTL_ENABLE_DEBUG_INFO = NO;
				SDKROOT = iphoneos;
				SWIFT_OPTIMIZATION_LEVEL = "-Owholemodule";
				VALIDATE_PRODUCT = YES;
			};
			name = Release;
		};
		5FD4A3462258DAC900BE0019 /* Debug */ = {
			isa = XCBuildConfiguration;
			buildSettings = {
				ASSETCATALOG_COMPILER_APPICON_NAME = AppIcon;
				CODE_SIGN_STYLE = Automatic;
				DEVELOPMENT_TEAM = 2U24XU78L9;
				INFOPLIST_FILE = Weatherly/Info.plist;
				IPHONEOS_DEPLOYMENT_TARGET = 10.0;
				LD_RUNPATH_SEARCH_PATHS = "$(inherited) @executable_path/Frameworks";
				PRODUCT_BUNDLE_IDENTIFIER = com.emirhaktan.Weatherly;
				PRODUCT_NAME = "$(TARGET_NAME)";
				SWIFT_VERSION = 4.0;
				TARGETED_DEVICE_FAMILY = "1,2";
			};
			name = Debug;
		};
		5FD4A3472258DAC900BE0019 /* Release */ = {
			isa = XCBuildConfiguration;
			buildSettings = {
				ASSETCATALOG_COMPILER_APPICON_NAME = AppIcon;
				CODE_SIGN_STYLE = Automatic;
				DEVELOPMENT_TEAM = 2U24XU78L9;
				INFOPLIST_FILE = Weatherly/Info.plist;
				IPHONEOS_DEPLOYMENT_TARGET = 10.0;
				LD_RUNPATH_SEARCH_PATHS = "$(inherited) @executable_path/Frameworks";
				PRODUCT_BUNDLE_IDENTIFIER = com.emirhaktan.Weatherly;
				PRODUCT_NAME = "$(TARGET_NAME)";
				SWIFT_VERSION = 4.0;
				TARGETED_DEVICE_FAMILY = "1,2";
			};
			name = Release;
		};
		5FD4A3492258DAC900BE0019 /* Debug */ = {
			isa = XCBuildConfiguration;
			buildSettings = {
				ALWAYS_EMBED_SWIFT_STANDARD_LIBRARIES = YES;
				BUNDLE_LOADER = "$(TEST_HOST)";
				CODE_SIGN_STYLE = Automatic;
				DEVELOPMENT_TEAM = 2U24XU78L9;
				INFOPLIST_FILE = WeatherlyTests/Info.plist;
				LD_RUNPATH_SEARCH_PATHS = "$(inherited) @executable_path/Frameworks @loader_path/Frameworks";
				PRODUCT_BUNDLE_IDENTIFIER = com.emirhaktan.WeatherlyTests;
				PRODUCT_NAME = "$(TARGET_NAME)";
				SWIFT_VERSION = 4.0;
				TARGETED_DEVICE_FAMILY = "1,2";
				TEST_HOST = "$(BUILT_PRODUCTS_DIR)/Weatherly.app/Weatherly";
			};
			name = Debug;
		};
		5FD4A34A2258DAC900BE0019 /* Release */ = {
			isa = XCBuildConfiguration;
			buildSettings = {
				ALWAYS_EMBED_SWIFT_STANDARD_LIBRARIES = YES;
				BUNDLE_LOADER = "$(TEST_HOST)";
				CODE_SIGN_STYLE = Automatic;
				DEVELOPMENT_TEAM = 2U24XU78L9;
				INFOPLIST_FILE = WeatherlyTests/Info.plist;
				LD_RUNPATH_SEARCH_PATHS = "$(inherited) @executable_path/Frameworks @loader_path/Frameworks";
				PRODUCT_BUNDLE_IDENTIFIER = com.emirhaktan.WeatherlyTests;
				PRODUCT_NAME = "$(TARGET_NAME)";
				SWIFT_VERSION = 4.0;
				TARGETED_DEVICE_FAMILY = "1,2";
				TEST_HOST = "$(BUILT_PRODUCTS_DIR)/Weatherly.app/Weatherly";
			};
			name = Release;
		};
		5FD4A34C2258DAC900BE0019 /* Debug */ = {
			isa = XCBuildConfiguration;
			buildSettings = {
				ALWAYS_EMBED_SWIFT_STANDARD_LIBRARIES = YES;
				CODE_SIGN_STYLE = Automatic;
				DEVELOPMENT_TEAM = 2U24XU78L9;
				INFOPLIST_FILE = WeatherlyUITests/Info.plist;
				LD_RUNPATH_SEARCH_PATHS = "$(inherited) @executable_path/Frameworks @loader_path/Frameworks";
				PRODUCT_BUNDLE_IDENTIFIER = com.emirhaktan.WeatherlyUITests;
				PRODUCT_NAME = "$(TARGET_NAME)";
				SWIFT_VERSION = 4.0;
				TARGETED_DEVICE_FAMILY = "1,2";
				TEST_TARGET_NAME = Weatherly;
			};
			name = Debug;
		};
		5FD4A34D2258DAC900BE0019 /* Release */ = {
			isa = XCBuildConfiguration;
			buildSettings = {
				ALWAYS_EMBED_SWIFT_STANDARD_LIBRARIES = YES;
				CODE_SIGN_STYLE = Automatic;
				DEVELOPMENT_TEAM = 2U24XU78L9;
				INFOPLIST_FILE = WeatherlyUITests/Info.plist;
				LD_RUNPATH_SEARCH_PATHS = "$(inherited) @executable_path/Frameworks @loader_path/Frameworks";
				PRODUCT_BUNDLE_IDENTIFIER = com.emirhaktan.WeatherlyUITests;
				PRODUCT_NAME = "$(TARGET_NAME)";
				SWIFT_VERSION = 4.0;
				TARGETED_DEVICE_FAMILY = "1,2";
				TEST_TARGET_NAME = Weatherly;
			};
			name = Release;
		};
/* End XCBuildConfiguration section */

/* Begin XCConfigurationList section */
		5FD4A3152258DAC000BE0019 /* Build configuration list for PBXProject "Weatherly" */ = {
			isa = XCConfigurationList;
			buildConfigurations = (
				5FD4A3432258DAC900BE0019 /* Debug */,
				5FD4A3442258DAC900BE0019 /* Release */,
			);
			defaultConfigurationIsVisible = 0;
			defaultConfigurationName = Release;
		};
		5FD4A3452258DAC900BE0019 /* Build configuration list for PBXNativeTarget "Weatherly" */ = {
			isa = XCConfigurationList;
			buildConfigurations = (
				5FD4A3462258DAC900BE0019 /* Debug */,
				5FD4A3472258DAC900BE0019 /* Release */,
			);
			defaultConfigurationIsVisible = 0;
			defaultConfigurationName = Release;
		};
		5FD4A3482258DAC900BE0019 /* Build configuration list for PBXNativeTarget "WeatherlyTests" */ = {
			isa = XCConfigurationList;
			buildConfigurations = (
				5FD4A3492258DAC900BE0019 /* Debug */,
				5FD4A34A2258DAC900BE0019 /* Release */,
			);
			defaultConfigurationIsVisible = 0;
			defaultConfigurationName = Release;
		};
		5FD4A34B2258DAC900BE0019 /* Build configuration list for PBXNativeTarget "WeatherlyUITests" */ = {
			isa = XCConfigurationList;
			buildConfigurations = (
				5FD4A34C2258DAC900BE0019 /* Debug */,
				5FD4A34D2258DAC900BE0019 /* Release */,
			);
			defaultConfigurationIsVisible = 0;
			defaultConfigurationName = Release;
		};
/* End XCConfigurationList section */

/* Begin XCVersionGroup section */
		5FD4A3242258DAC100BE0019 /* Weatherly.xcdatamodeld */ = {
			isa = XCVersionGroup;
			children = (
				5FD4A3252258DAC100BE0019 /* Weatherly.xcdatamodel */,
			);
			currentVersion = 5FD4A3252258DAC100BE0019 /* Weatherly.xcdatamodel */;
			path = Weatherly.xcdatamodeld;
			sourceTree = "<group>";
			versionGroupType = wrapper.xcdatamodel;
		};
/* End XCVersionGroup section */
	};
	rootObject = 5FD4A3122258DAC000BE0019 /* Project object */;
}
